<?xml version="1.0" encoding="utf-8"?>
<Project ToolsVersion="4.0" xmlns="http://schemas.microsoft.com/developer/msbuild/2003">
  <ItemGroup>
    <Filter Include="Исходные файлы">
      <UniqueIdentifier>{4FC737F1-C7A5-4376-A066-2A32D752A2FF}</UniqueIdentifier>
      <Extensions>cpp;c;cc;cxx;c++;cppm;ixx;def;odl;idl;hpj;bat;asm;asmx</Extensions>
    </Filter>
    <Filter Include="Файлы заголовков">
      <UniqueIdentifier>{93995380-89BD-4b04-88EB-625FBE52EBFB}</UniqueIdentifier>
      <Extensions>h;hh;hpp;hxx;h++;hm;inl;inc;ipp;xsd</Extensions>
    </Filter>
    <Filter Include="Файлы ресурсов">
      <UniqueIdentifier>{67DA6AB6-F800-4c08-8B7A-83BB121AAD01}</UniqueIdentifier>
      <Extensions>rc;ico;cur;bmp;dlg;rc2;rct;bin;rgs;gif;jpg;jpeg;jpe;resx;tiff;tif;png;wav;mfcribbon-ms</Extensions>
    </Filter>
  </ItemGroup>
  <ItemGroup>
    <ClCompile Include="Source.cpp">
      <Filter>Исходные файлы</Filter>
    </ClCompile>
    <ClCompile Include="6.3 time.cpp">
      <Filter>Исходные файлы</Filter>
    </ClCompile>
    <ClCompile Include="2.6 currencies .cpp">
      <Filter>Исходные файлы</Filter>
    </ClCompile>
    <ClCompile Include="2.7 temperature.cpp">
      <Filter>Исходные файлы</Filter>
    </ClCompile>
    <ClCompile Include="2.8 setfill.cpp">
      <Filter>Исходные файлы</Filter>
    </ClCompile>
    <ClCompile Include="2.9 fractions.cpp">
      <Filter>Исходные файлы</Filter>
    </ClCompile>
    <ClCompile Include="2.10 penses.cpp">
      <Filter>Исходные файлы</Filter>
    </ClCompile>
    <ClCompile Include="2.11 setionsflag.cpp">
      <Filter>Исходные файлы</Filter>
    </ClCompile>
    <ClCompile Include="2.12  penses to old form.cpp">
      <Filter>Исходные файлы</Filter>
    </ClCompile>
    <ClCompile Include="3 questions .cpp">
      <Filter>Исходные файлы</Filter>
    </ClCompile>
    <ClCompile Include="3.1 multiplication table.cpp">
      <Filter>Исходные файлы</Filter>
    </ClCompile>
    <ClCompile Include="3.2 temp translation.cpp">
      <Filter>Исходные файлы</Filter>
    </ClCompile>
    <ClCompile Include="3.3 getche.cpp">
      <Filter>Исходные файлы</Filter>
    </ClCompile>
    <ClCompile Include="3.4 calculation.cpp">
      <Filter>Исходные файлы</Filter>
    </ClCompile>
    <ClCompile Include="3.5 pyramid.cpp">
      <Filter>Исходные файлы</Filter>
    </ClCompile>
    <ClCompile Include="3.6 factor.cpp">
      <Filter>Исходные файлы</Filter>
    </ClCompile>
    <ClCompile Include="3.7 bank deposit.cpp">
      <Filter>Исходные файлы</Filter>
    </ClCompile>
    <ClCompile Include="3.8 penses sum.cpp">
      <Filter>Исходные файлы</Filter>
    </ClCompile>
    <ClCompile Include="3.9  guests.cpp">
      <Filter>Исходные файлы</Filter>
    </ClCompile>
    <ClCompile Include="3.10 years deposit.cpp">
      <Filter>Исходные файлы</Filter>
    </ClCompile>
    <ClCompile Include="3.11 penses calculation .cpp">
      <Filter>Исходные файлы</Filter>
    </ClCompile>
    <ClCompile Include="3.12 calculation with parts.cpp">
      <Filter>Исходные файлы</Filter>
    </ClCompile>
    <ClCompile Include="4 questions.cpp">
      <Filter>Исходные файлы</Filter>
    </ClCompile>
    <ClCompile Include="4.1 phone number.cpp">
      <Filter>Исходные файлы</Filter>
    </ClCompile>
    <ClCompile Include="4.2  x+y .cpp">
      <Filter>Исходные файлы</Filter>
    </ClCompile>
    <ClCompile Include="4.3 volume.cpp">
      <Filter>Исходные файлы</Filter>
    </ClCompile>
    <ClCompile Include="4.4 employee1.cpp">
      <Filter>Исходные файлы</Filter>
    </ClCompile>
    <ClCompile Include="4.5 date1.cpp">
      <Filter>Исходные файлы</Filter>
    </ClCompile>
    <ClCompile Include="4.6 etype jobs.cpp">
      <Filter>Исходные файлы</Filter>
    </ClCompile>
    <ClCompile Include="add resources (practicum).cpp">
      <Filter>Исходные файлы</Filter>
    </ClCompile>
    <ClCompile Include="4.7 employee extended.cpp">
      <Filter>Исходные файлы</Filter>
    </ClCompile>
    <ClCompile Include="4.8 fractions.cpp">
      <Filter>Исходные файлы</Filter>
    </ClCompile>
    <ClCompile Include="4.9 time secs.cpp">
      <Filter>Исходные файлы</Filter>
    </ClCompile>
    <ClCompile Include="4.10 sterling.cpp">
      <Filter>Исходные файлы</Filter>
    </ClCompile>
    <ClCompile Include="4.11 struct time.cpp">
      <Filter>Исходные файлы</Filter>
    </ClCompile>
    <ClCompile Include="4.12  struct fraction.cpp">
      <Filter>Исходные файлы</Filter>
    </ClCompile>
    <ClCompile Include="5.1 circarea.cpp">
      <Filter>Исходные файлы</Filter>
    </ClCompile>
    <ClCompile Include="5.2 power .cpp">
      <Filter>Исходные файлы</Filter>
    </ClCompile>
    <ClCompile Include="5.3 zeroSmaller .cpp">
      <Filter>Исходные файлы</Filter>
    </ClCompile>
    <ClCompile Include="5.4 big distance.cpp">
      <Filter>Исходные файлы</Filter>
    </ClCompile>
    <ClCompile Include="5.5 hms_to_secs .cpp">
      <Filter>Исходные файлы</Filter>
    </ClCompile>
    <ClCompile Include="5.6 time_to_secs extended.cpp">
      <Filter>Исходные файлы</Filter>
    </ClCompile>
    <ClCompile Include="5.7 power2.cpp">
      <Filter>Исходные файлы</Filter>
    </ClCompile>
    <ClCompile Include="5.8 swap.cpp">
      <Filter>Исходные файлы</Filter>
    </ClCompile>
    <ClCompile Include="5.9 swap time.cpp">
      <Filter>Исходные файлы</Filter>
    </ClCompile>
    <ClCompile Include="5.10 howmany.cpp">
      <Filter>Исходные файлы</Filter>
    </ClCompile>
    <ClCompile Include="5.11 sterling2.cpp">
      <Filter>Исходные файлы</Filter>
    </ClCompile>
    <ClCompile Include="5.12 smart calculation.cpp">
      <Filter>Исходные файлы</Filter>
    </ClCompile>
    <ClCompile Include="6.1 Int .cpp">
      <Filter>Исходные файлы</Filter>
    </ClCompile>
    <ClCompile Include="6.2 tollBooth.cpp">
      <Filter>Исходные файлы</Filter>
    </ClCompile>
    <ClCompile Include="6.4 employee .cpp">
      <Filter>Исходные файлы</Filter>
    </ClCompile>
    <ClCompile Include="6.5 date.cpp">
      <Filter>Исходные файлы</Filter>
    </ClCompile>
    <ClCompile Include="6.6 etype employee.cpp">
      <Filter>Исходные файлы</Filter>
    </ClCompile>
    <ClCompile Include="6.7 angle.cpp">
      <Filter>Исходные файлы</Filter>
    </ClCompile>
    <ClCompile Include="6.8 index number.cpp">
      <Filter>Исходные файлы</Filter>
    </ClCompile>
    <ClCompile Include="6.9 fraction.cpp">
      <Filter>Исходные файлы</Filter>
    </ClCompile>
    <ClCompile Include="6.10 ships.cpp">
      <Filter>Исходные файлы</Filter>
    </ClCompile>
    <ClCompile Include="6.11 lowterms.cpp">
      <Filter>Исходные файлы</Filter>
    </ClCompile>
    <ClCompile Include="7 quaetions .cpp">
      <Filter>Исходные файлы</Filter>
    </ClCompile>
    <ClCompile Include="7.1 reversit.cpp">
      <Filter>Исходные файлы</Filter>
    </ClCompile>
    <ClCompile Include="7.2 employee100.cpp">
      <Filter>Исходные файлы</Filter>
    </ClCompile>
    <ClCompile Include="7.3 average .cpp">
      <Filter>Исходные файлы</Filter>
    </ClCompile>
    <ClCompile Include="7.4 biggest num.cpp">
      <Filter>Исходные файлы</Filter>
    </ClCompile>
    <ClCompile Include="7.5 fraction.cpp">
      <Filter>Исходные файлы</Filter>
    </ClCompile>
    <ClCompile Include="7.6 bridge.cpp">
      <Filter>Исходные файлы</Filter>
    </ClCompile>
  </ItemGroup>
  <ItemGroup>
    <ClInclude Include="resource.h">
      <Filter>Файлы заголовков</Filter>
    </ClInclude>
  </ItemGroup>
</Project>